{
  "lib/tbv-contracts": {
    "rev": "74de8a7ad86708a3b7ae08d04857ebb57a392bb7"
  },
  "lib/universal-router": {
    "branch": {
      "name": "main",
      "rev": "d203e7f5525aeae385800f9490b93886711701df"
    }
  },
  "lib/v4-periphery": {
    "rev": "545a5d2a87228167edde48f3b9eda122d1e3c4d6"
  }
}
