{
  "lib/tbv-contracts": {
    "rev": "02773969adfdcfc01b7d6066387f41ee14a7bacf"
  },
  "lib/universal-router": {
    "branch": {
      "name": "main",
      "rev": "d203e7f5525aeae385800f9490b93886711701df"
    }
  },
  "lib/v4-periphery": {
    "rev": "545a5d2a87228167edde48f3b9eda122d1e3c4d6"
  }
}
