{
  "lib/tbv-contracts": {
    "rev": "2c9028e15dc3ee1108472dff3c0609b7518cf82b"
  },
  "lib/universal-router": {
    "branch": {
      "name": "main",
      "rev": "cb222d358a2ea780feedee6990ff8a3c185301bf"
    }
  },
  "lib/v4-periphery": {
    "rev": "363226d9e1e2180b67bf6857023dbaad751010c5"
  }
}
